{
  "nodes": {
    "dsh": {
      "flake": false,
      "locked": {
        "lastModified": 1787313817,
        "narHash": "sha256-rrjXoyccTxKIbZ00Z4Vy7EA9tGZ15WUqLBFnZSgw1YE=",
        "owner": "deepseek-ai",
        "repo": "deepseek-harness",
        "rev": "b150a551b8d465e31e418e1b2eaf5e79bbb7d28e",
        "type": "github"
      },
      "original": {
        "owner": "deepseek-ai",
        "repo": "deepseek-harness",
        "rev": "b150a551b8d465e31e418e1b2eaf5e79bbb7d28e",
        "type": "github"
      }
    },
    "nixpkgs": {
      "locked": {
        "lastModified": 1786599213,
        "narHash": "sha256-yNJd40f11EzXBjSByCB7IPpeFFAdeoSKKM67dGkfFoU=",
        "owner": "NixOS",
        "repo": "nixpkgs",
        "rev": "0e251e24a4f24e036a084b6b4b2d2491af4167f4",
        "type": "github"
      },
      "original": {
        "owner": "NixOS",
        "ref": "nixos-unstable",
        "repo": "nixpkgs",
        "type": "github"
      }
    },
    "root": {
      "inputs": {
        "dsh": "dsh",
        "nixpkgs": "nixpkgs"
      }
    }
  },
  "root": "root",
  "version": 7
}
