{
  "nodes": {
    "dsh": {
      "flake": false,
      "locked": {
        "lastModified": 1786964597,
        "narHash": "sha256-xPP8FB308n8SD5B65whaErLyaDBbFferoQ9g3H6h2es=",
        "owner": "deepseek-ai",
        "repo": "deepseek-harness",
        "rev": "99f6f02fecdb7dff40c3fbc9470f5907c29f74ca",
        "type": "github"
      },
      "original": {
        "owner": "deepseek-ai",
        "repo": "deepseek-harness",
        "rev": "99f6f02fecdb7dff40c3fbc9470f5907c29f74ca",
        "type": "github"
      }
    },
    "nixpkgs": {
      "locked": {
        "lastModified": 1786599213,
        "narHash": "sha256-yNJd40f11EzXBjSByCB7IPpeFFAdeoSKKM67dGkfFoU=",
        "owner": "NixOS",
        "repo": "nixpkgs",
        "rev": "0e251e24a4f24e036a084b6b4b2d2491af4167f4",
        "type": "github"
      },
      "original": {
        "owner": "NixOS",
        "ref": "nixos-unstable",
        "repo": "nixpkgs",
        "type": "github"
      }
    },
    "root": {
      "inputs": {
        "dsh": "dsh",
        "nixpkgs": "nixpkgs"
      }
    }
  },
  "root": "root",
  "version": 7
}
