{
  "nodes": {
    "dsh": {
      "flake": false,
      "locked": {
        "lastModified": 1787152310,
        "narHash": "sha256-FzToX43k6upXkwTxTYXHRK5IdatxibxeZgZBpuDE7S4=",
        "owner": "deepseek-ai",
        "repo": "deepseek-harness",
        "rev": "141eb6fef83422698aef7a981029e843e8161534",
        "type": "github"
      },
      "original": {
        "owner": "deepseek-ai",
        "repo": "deepseek-harness",
        "rev": "141eb6fef83422698aef7a981029e843e8161534",
        "type": "github"
      }
    },
    "nixpkgs": {
      "locked": {
        "lastModified": 1786599213,
        "narHash": "sha256-yNJd40f11EzXBjSByCB7IPpeFFAdeoSKKM67dGkfFoU=",
        "owner": "NixOS",
        "repo": "nixpkgs",
        "rev": "0e251e24a4f24e036a084b6b4b2d2491af4167f4",
        "type": "github"
      },
      "original": {
        "owner": "NixOS",
        "ref": "nixos-unstable",
        "repo": "nixpkgs",
        "type": "github"
      }
    },
    "root": {
      "inputs": {
        "dsh": "dsh",
        "nixpkgs": "nixpkgs"
      }
    }
  },
  "root": "root",
  "version": 7
}
